
Microsoft Visual Studio Solution File, Format Version 11.00
# Visual Studio 2010
Project("{8BC9CEB8-8B4A-11D0-8D11-00A0C91BC942}") = "红桃", "红桃\红桃.vcxproj", "{600D7EBD-3A09-4184-A747-9BF0DBB70AC8}"
EndProject
Global
	GlobalSection(SolutionConfigurationPlatforms) = preSolution
		Debug|Win32 = Debug|Win32
		Release|Win32 = Release|Win32
	EndGlobalSection
	GlobalSection(ProjectConfigurationPlatforms) = postSolution
		{600D7EBD-3A09-4184-A747-9BF0DBB70AC8}.Debug|Win32.ActiveCfg = Debug|Win32
		{600D7EBD-3A09-4184-A747-9BF0DBB70AC8}.Debug|Win32.Build.0 = Debug|Win32
		{600D7EBD-3A09-4184-A747-9BF0DBB70AC8}.Release|Win32.ActiveCfg = Release|Win32
		{600D7EBD-3A09-4184-A747-9BF0DBB70AC8}.Release|Win32.Build.0 = Release|Win32
	EndGlobalSection
	GlobalSection(SolutionProperties) = preSolution
		HideSolutionNode = FALSE
	EndGlobalSection
EndGlobal
